
Microsoft Visual Studio Solution File, Format Version 12.00
Project("{2150E333-8FDC-42A3-9474-1A3956D46DE8}") = "src", "src", "{1AAEA5B4-A84E-437C-8F3B-A2B9E26FEE54}"
EndProject
Project("{FAE04EC0-301F-11D3-BF4B-00C04F79EFBC}") = "DevHabit.Api", "DevHabit.Api\DevHabit.Api.csproj", "{A5849F4A-4C17-4BA2-89FB-0B5BA6FE0162}"
EndProject
Global
	GlobalSection(SolutionConfigurationPlatforms) = preSolution
		Debug|Any CPU = Debug|Any CPU
		Release|Any CPU = Release|Any CPU
	EndGlobalSection
	GlobalSection(NestedProjects) = preSolution
		{A5849F4A-4C17-4BA2-89FB-0B5BA6FE0162} = {1AAEA5B4-A84E-437C-8F3B-A2B9E26FEE54}
	EndGlobalSection
	GlobalSection(ProjectConfigurationPlatforms) = postSolution
		{A5849F4A-4C17-4BA2-89FB-0B5BA6FE0162}.Debug|Any CPU.ActiveCfg = Debug|Any CPU
		{A5849F4A-4C17-4BA2-89FB-0B5BA6FE0162}.Debug|Any CPU.Build.0 = Debug|Any CPU
		{A5849F4A-4C17-4BA2-89FB-0B5BA6FE0162}.Release|Any CPU.ActiveCfg = Release|Any CPU
		{A5849F4A-4C17-4BA2-89FB-0B5BA6FE0162}.Release|Any CPU.Build.0 = Release|Any CPU
	EndGlobalSection
EndGlobal
